// !$*UTF8*$!
{
	archiveVersion = 1;
	classes = {
	};
	objectVersion = 56;
	objects = {

/* Begin PBXBuildFile section */
		AE3C23B028E736B000A68693 /* DogsApp.swift in Sources */ = {isa = PBXBuildFile; fileRef = AE3C23AF28E736B000A68693 /* DogsApp.swift */; };
		AE3C23B228E736B000A68693 /* ContentView.swift in Sources */ = {isa = PBXBuildFile; fileRef = AE3C23B128E736B000A68693 /* ContentView.swift */; };
		AE3C23B428E736B100A68693 /* Assets.xcassets in Resources */ = {isa = PBXBuildFile; fileRef = AE3C23B328E736B100A68693 /* Assets.xcassets */; };
		AE3C23B828E736B100A68693 /* Preview Assets.xcassets in Resources */ = {isa = PBXBuildFile; fileRef = AE3C23B728E736B100A68693 /* Preview Assets.xcassets */; };
		AE3C23C228E736B100A68693 /* DogsTests.swift in Sources */ = {isa = PBXBuildFile; fileRef = AE3C23C128E736B100A68693 /* DogsTests.swift */; };
		AE3C23CC28E736B100A68693 /* DogsUITests.swift in Sources */ = {isa = PBXBuildFile; fileRef = AE3C23CB28E736B100A68693 /* DogsUITests.swift */; };
		AE3C23CE28E736B100A68693 /* DogsUITestsLaunchTests.swift in Sources */ = {isa = PBXBuildFile; fileRef = AE3C23CD28E736B100A68693 /* DogsUITestsLaunchTests.swift */; };
		AE3C23DB28E73D4A00A68693 /* RandomView.swift in Sources */ = {isa = PBXBuildFile; fileRef = AE3C23DA28E73D4A00A68693 /* RandomView.swift */; };
		AE3C23DD28E743BD00A68693 /* BreedsView.swift in Sources */ = {isa = PBXBuildFile; fileRef = AE3C23DC28E743BD00A68693 /* BreedsView.swift */; };
		AE4FF6D728E98DD400704B7F /* DogsApi.swift in Sources */ = {isa = PBXBuildFile; fileRef = AE4FF6D628E98DD400704B7F /* DogsApi.swift */; };
		AE4FF6DA28E9E45300704B7F /* Collections in Frameworks */ = {isa = PBXBuildFile; productRef = AE4FF6D928E9E45300704B7F /* Collections */; };
		AE4FF6DC28E9E45300704B7F /* DequeModule in Frameworks */ = {isa = PBXBuildFile; productRef = AE4FF6DB28E9E45300704B7F /* DequeModule */; };
		AE4FF6DE28E9E45300704B7F /* OrderedCollections in Frameworks */ = {isa = PBXBuildFile; productRef = AE4FF6DD28E9E45300704B7F /* OrderedCollections */; };
		AE4FF6E028E9E71400704B7F /* AsyncLoadingPhase.swift in Sources */ = {isa = PBXBuildFile; fileRef = AE4FF6DF28E9E71400704B7F /* AsyncLoadingPhase.swift */; };
		AE4FF6E228E9EA5900704B7F /* ImagesGrid.swift in Sources */ = {isa = PBXBuildFile; fileRef = AE4FF6E128E9EA5900704B7F /* ImagesGrid.swift */; };
		AE4FF6E628E9F7E100704B7F /* DogsView.swift in Sources */ = {isa = PBXBuildFile; fileRef = AE4FF6E528E9F7E100704B7F /* DogsView.swift */; };
		AE4FF6E828EA0AE400704B7F /* GPSView.swift in Sources */ = {isa = PBXBuildFile; fileRef = AE4FF6E728EA0AE400704B7F /* GPSView.swift */; };
		AE4FF6EA28EA111800704B7F /* LocationManager.swift in Sources */ = {isa = PBXBuildFile; fileRef = AE4FF6E928EA111800704B7F /* LocationManager.swift */; };
/* End PBXBuildFile section */

/* Begin PBXContainerItemProxy section */
		AE3C23BE28E736B100A68693 /* PBXContainerItemProxy */ = {
			isa = PBXContainerItemProxy;
			containerPortal = AE3C23A428E736B000A68693 /* Project object */;
			proxyType = 1;
			remoteGlobalIDString = AE3C23AB28E736B000A68693;
			remoteInfo = Dogs;
		};
		AE3C23C828E736B100A68693 /* PBXContainerItemProxy */ = {
			isa = PBXContainerItemProxy;
			containerPortal = AE3C23A428E736B000A68693 /* Project object */;
			proxyType = 1;
			remoteGlobalIDString = AE3C23AB28E736B000A68693;
			remoteInfo = Dogs;
		};
/* End PBXContainerItemProxy section */

/* Begin PBXFileReference section */
		AE3C23AC28E736B000A68693 /* Dogs.app */ = {isa = PBXFileReference; explicitFileType = wrapper.application; includeInIndex = 0; path = Dogs.app; sourceTree = BUILT_PRODUCTS_DIR; };
		AE3C23AF28E736B000A68693 /* DogsApp.swift */ = {isa = PBXFileReference; lastKnownFileType = sourcecode.swift; path = DogsApp.swift; sourceTree = "<group>"; };
		AE3C23B128E736B000A68693 /* ContentView.swift */ = {isa = PBXFileReference; lastKnownFileType = sourcecode.swift; path = ContentView.swift; sourceTree = "<group>"; };
		AE3C23B328E736B100A68693 /* Assets.xcassets */ = {isa = PBXFileReference; lastKnownFileType = folder.assetcatalog; path = Assets.xcassets; sourceTree = "<group>"; };
		AE3C23B528E736B100A68693 /* Dogs.entitlements */ = {isa = PBXFileReference; lastKnownFileType = text.plist.entitlements; path = Dogs.entitlements; sourceTree = "<group>"; };
		AE3C23B728E736B100A68693 /* Preview Assets.xcassets */ = {isa = PBXFileReference; lastKnownFileType = folder.assetcatalog; path = "Preview Assets.xcassets"; sourceTree = "<group>"; };
		AE3C23BD28E736B100A68693 /* DogsTests.xctest */ = {isa = PBXFileReference; explicitFileType = wrapper.cfbundle; includeInIndex = 0; path = DogsTests.xctest; sourceTree = BUILT_PRODUCTS_DIR; };
		AE3C23C128E736B100A68693 /* DogsTests.swift */ = {isa = PBXFileReference; lastKnownFileType = sourcecode.swift; path = DogsTests.swift; sourceTree = "<group>"; };
		AE3C23C728E736B100A68693 /* DogsUITests.xctest */ = {isa = PBXFileReference; explicitFileType = wrapper.cfbundle; includeInIndex = 0; path = DogsUITests.xctest; sourceTree = BUILT_PRODUCTS_DIR; };
		AE3C23CB28E736B100A68693 /* DogsUITests.swift */ = {isa = PBXFileReference; lastKnownFileType = sourcecode.swift; path = DogsUITests.swift; sourceTree = "<group>"; };
		AE3C23CD28E736B100A68693 /* DogsUITestsLaunchTests.swift */ = {isa = PBXFileReference; lastKnownFileType = sourcecode.swift; path = DogsUITestsLaunchTests.swift; sourceTree = "<group>"; };
		AE3C23DA28E73D4A00A68693 /* RandomView.swift */ = {isa = PBXFileReference; lastKnownFileType = sourcecode.swift; path = RandomView.swift; sourceTree = "<group>"; };
		AE3C23DC28E743BD00A68693 /* BreedsView.swift */ = {isa = PBXFileReference; lastKnownFileType = sourcecode.swift; path = BreedsView.swift; sourceTree = "<group>"; };
		AE4FF6D628E98DD400704B7F /* DogsApi.swift */ = {isa = PBXFileReference; lastKnownFileType = sourcecode.swift; path = DogsApi.swift; sourceTree = "<group>"; };
		AE4FF6DF28E9E71400704B7F /* AsyncLoadingPhase.swift */ = {isa = PBXFileReference; lastKnownFileType = sourcecode.swift; path = AsyncLoadingPhase.swift; sourceTree = "<group>"; };
		AE4FF6E128E9EA5900704B7F /* ImagesGrid.swift */ = {isa = PBXFileReference; lastKnownFileType = sourcecode.swift; path = ImagesGrid.swift; sourceTree = "<group>"; };
		AE4FF6E528E9F7E100704B7F /* DogsView.swift */ = {isa = PBXFileReference; lastKnownFileType = sourcecode.swift; path = DogsView.swift; sourceTree = "<group>"; };
		AE4FF6E728EA0AE400704B7F /* GPSView.swift */ = {isa = PBXFileReference; lastKnownFileType = sourcecode.swift; path = GPSView.swift; sourceTree = "<group>"; };
		AE4FF6E928EA111800704B7F /* LocationManager.swift */ = {isa = PBXFileReference; lastKnownFileType = sourcecode.swift; path = LocationManager.swift; sourceTree = "<group>"; };
/* End PBXFileReference section */

/* Begin PBXFrameworksBuildPhase section */
		AE3C23A928E736B000A68693 /* Frameworks */ = {
			isa = PBXFrameworksBuildPhase;
			buildActionMask = 2147483647;
			files = (
				AE4FF6DA28E9E45300704B7F /* Collections in Frameworks */,
				AE4FF6DC28E9E45300704B7F /* DequeModule in Frameworks */,
				AE4FF6DE28E9E45300704B7F /* OrderedCollections in Frameworks */,
			);
			runOnlyForDeploymentPostprocessing = 0;
		};
		AE3C23BA28E736B100A68693 /* Frameworks */ = {
			isa = PBXFrameworksBuildPhase;
			buildActionMask = 2147483647;
			files = (
			);
			runOnlyForDeploymentPostprocessing = 0;
		};
		AE3C23C428E736B100A68693 /* Frameworks */ = {
			isa = PBXFrameworksBuildPhase;
			buildActionMask = 2147483647;
			files = (
			);
			runOnlyForDeploymentPostprocessing = 0;
		};
/* End PBXFrameworksBuildPhase section */

/* Begin PBXGroup section */
		AE3C23A328E736B000A68693 = {
			isa = PBXGroup;
			children = (
				AE3C23AE28E736B000A68693 /* Dogs */,
				AE3C23C028E736B100A68693 /* DogsTests */,
				AE3C23CA28E736B100A68693 /* DogsUITests */,
				AE3C23AD28E736B000A68693 /* Products */,
			);
			sourceTree = "<group>";
		};
		AE3C23AD28E736B000A68693 /* Products */ = {
			isa = PBXGroup;
			children = (
				AE3C23AC28E736B000A68693 /* Dogs.app */,
				AE3C23BD28E736B100A68693 /* DogsTests.xctest */,
				AE3C23C728E736B100A68693 /* DogsUITests.xctest */,
			);
			name = Products;
			sourceTree = "<group>";
		};
		AE3C23AE28E736B000A68693 /* Dogs */ = {
			isa = PBXGroup;
			children = (
				AE4FF6D628E98DD400704B7F /* DogsApi.swift */,
				AE3C23AF28E736B000A68693 /* DogsApp.swift */,
				AE3C23DC28E743BD00A68693 /* BreedsView.swift */,
				AE3C23B128E736B000A68693 /* ContentView.swift */,
				AE4FF6E528E9F7E100704B7F /* DogsView.swift */,
				AE3C23DA28E73D4A00A68693 /* RandomView.swift */,
				AE3C23B328E736B100A68693 /* Assets.xcassets */,
				AE3C23B528E736B100A68693 /* Dogs.entitlements */,
				AE3C23B628E736B100A68693 /* Preview Content */,
				AE4FF6DF28E9E71400704B7F /* AsyncLoadingPhase.swift */,
				AE4FF6E128E9EA5900704B7F /* ImagesGrid.swift */,
				AE4FF6E728EA0AE400704B7F /* GPSView.swift */,
				AE4FF6E928EA111800704B7F /* LocationManager.swift */,
			);
			path = Dogs;
			sourceTree = "<group>";
		};
		AE3C23B628E736B100A68693 /* Preview Content */ = {
			isa = PBXGroup;
			children = (
				AE3C23B728E736B100A68693 /* Preview Assets.xcassets */,
			);
			path = "Preview Content";
			sourceTree = "<group>";
		};
		AE3C23C028E736B100A68693 /* DogsTests */ = {
			isa = PBXGroup;
			children = (
				AE3C23C128E736B100A68693 /* DogsTests.swift */,
			);
			path = DogsTests;
			sourceTree = "<group>";
		};
		AE3C23CA28E736B100A68693 /* DogsUITests */ = {
			isa = PBXGroup;
			children = (
				AE3C23CB28E736B100A68693 /* DogsUITests.swift */,
				AE3C23CD28E736B100A68693 /* DogsUITestsLaunchTests.swift */,
			);
			path = DogsUITests;
			sourceTree = "<group>";
		};
/* End PBXGroup section */

/* Begin PBXNativeTarget section */
		AE3C23AB28E736B000A68693 /* Dogs */ = {
			isa = PBXNativeTarget;
			buildConfigurationList = AE3C23D128E736B100A68693 /* Build configuration list for PBXNativeTarget "Dogs" */;
			buildPhases = (
				AE3C23A828E736B000A68693 /* Sources */,
				AE3C23A928E736B000A68693 /* Frameworks */,
				AE3C23AA28E736B000A68693 /* Resources */,
			);
			buildRules = (
			);
			dependencies = (
			);
			name = Dogs;
			packageProductDependencies = (
				AE4FF6D928E9E45300704B7F /* Collections */,
				AE4FF6DB28E9E45300704B7F /* DequeModule */,
				AE4FF6DD28E9E45300704B7F /* OrderedCollections */,
			);
			productName = Dogs;
			productReference = AE3C23AC28E736B000A68693 /* Dogs.app */;
			productType = "com.apple.product-type.application";
		};
		AE3C23BC28E736B100A68693 /* DogsTests */ = {
			isa = PBXNativeTarget;
			buildConfigurationList = AE3C23D428E736B100A68693 /* Build configuration list for PBXNativeTarget "DogsTests" */;
			buildPhases = (
				AE3C23B928E736B100A68693 /* Sources */,
				AE3C23BA28E736B100A68693 /* Frameworks */,
				AE3C23BB28E736B100A68693 /* Resources */,
			);
			buildRules = (
			);
			dependencies = (
				AE3C23BF28E736B100A68693 /* PBXTargetDependency */,
			);
			name = DogsTests;
			productName = DogsTests;
			productReference = AE3C23BD28E736B100A68693 /* DogsTests.xctest */;
			productType = "com.apple.product-type.bundle.unit-test";
		};
		AE3C23C628E736B100A68693 /* DogsUITests */ = {
			isa = PBXNativeTarget;
			buildConfigurationList = AE3C23D728E736B100A68693 /* Build configuration list for PBXNativeTarget "DogsUITests" */;
			buildPhases = (
				AE3C23C328E736B100A68693 /* Sources */,
				AE3C23C428E736B100A68693 /* Frameworks */,
				AE3C23C528E736B100A68693 /* Resources */,
			);
			buildRules = (
			);
			dependencies = (
				AE3C23C928E736B100A68693 /* PBXTargetDependency */,
			);
			name = DogsUITests;
			productName = DogsUITests;
			productReference = AE3C23C728E736B100A68693 /* DogsUITests.xctest */;
			productType = "com.apple.product-type.bundle.ui-testing";
		};
/* End PBXNativeTarget section */

/* Begin PBXProject section */
		AE3C23A428E736B000A68693 /* Project object */ = {
			isa = PBXProject;
			attributes = {
				BuildIndependentTargetsInParallel = 1;
				LastSwiftUpdateCheck = 1400;
				LastUpgradeCheck = 1400;
				TargetAttributes = {
					AE3C23AB28E736B000A68693 = {
						CreatedOnToolsVersion = 14.0.1;
					};
					AE3C23BC28E736B100A68693 = {
						CreatedOnToolsVersion = 14.0.1;
						TestTargetID = AE3C23AB28E736B000A68693;
					};
					AE3C23C628E736B100A68693 = {
						CreatedOnToolsVersion = 14.0.1;
						TestTargetID = AE3C23AB28E736B000A68693;
					};
				};
			};
			buildConfigurationList = AE3C23A728E736B000A68693 /* Build configuration list for PBXProject "Dogs" */;
			compatibilityVersion = "Xcode 14.0";
			developmentRegion = en;
			hasScannedForEncodings = 0;
			knownRegions = (
				en,
				Base,
			);
			mainGroup = AE3C23A328E736B000A68693;
			packageReferences = (
				AE4FF6D828E9E45300704B7F /* XCRemoteSwiftPackageReference "swift-collections" */,
			);
			productRefGroup = AE3C23AD28E736B000A68693 /* Products */;
			projectDirPath = "";
			projectRoot = "";
			targets = (
				AE3C23AB28E736B000A68693 /* Dogs */,
				AE3C23BC28E736B100A68693 /* DogsTests */,
				AE3C23C628E736B100A68693 /* DogsUITests */,
			);
		};
/* End PBXProject section */

/* Begin PBXResourcesBuildPhase section */
		AE3C23AA28E736B000A68693 /* Resources */ = {
			isa = PBXResourcesBuildPhase;
			buildActionMask = 2147483647;
			files = (
				AE3C23B828E736B100A68693 /* Preview Assets.xcassets in Resources */,
				AE3C23B428E736B100A68693 /* Assets.xcassets in Resources */,
			);
			runOnlyForDeploymentPostprocessing = 0;
		};
		AE3C23BB28E736B100A68693 /* Resources */ = {
			isa = PBXResourcesBuildPhase;
			buildActionMask = 2147483647;
			files = (
			);
			runOnlyForDeploymentPostprocessing = 0;
		};
		AE3C23C528E736B100A68693 /* Resources */ = {
			isa = PBXResourcesBuildPhase;
			buildActionMask = 2147483647;
			files = (
			);
			runOnlyForDeploymentPostprocessing = 0;
		};
/* End PBXResourcesBuildPhase section */

/* Begin PBXSourcesBuildPhase section */
		AE3C23A828E736B000A68693 /* Sources */ = {
			isa = PBXSourcesBuildPhase;
			buildActionMask = 2147483647;
			files = (
				AE3C23DD28E743BD00A68693 /* BreedsView.swift in Sources */,
				AE4FF6E628E9F7E100704B7F /* DogsView.swift in Sources */,
				AE4FF6EA28EA111800704B7F /* LocationManager.swift in Sources */,
				AE3C23DB28E73D4A00A68693 /* RandomView.swift in Sources */,
				AE4FF6E828EA0AE400704B7F /* GPSView.swift in Sources */,
				AE4FF6D728E98DD400704B7F /* DogsApi.swift in Sources */,
				AE4FF6E228E9EA5900704B7F /* ImagesGrid.swift in Sources */,
				AE4FF6E028E9E71400704B7F /* AsyncLoadingPhase.swift in Sources */,
				AE3C23B228E736B000A68693 /* ContentView.swift in Sources */,
				AE3C23B028E736B000A68693 /* DogsApp.swift in Sources */,
			);
			runOnlyForDeploymentPostprocessing = 0;
		};
		AE3C23B928E736B100A68693 /* Sources */ = {
			isa = PBXSourcesBuildPhase;
			buildActionMask = 2147483647;
			files = (
				AE3C23C228E736B100A68693 /* DogsTests.swift in Sources */,
			);
			runOnlyForDeploymentPostprocessing = 0;
		};
		AE3C23C328E736B100A68693 /* Sources */ = {
			isa = PBXSourcesBuildPhase;
			buildActionMask = 2147483647;
			files = (
				AE3C23CC28E736B100A68693 /* DogsUITests.swift in Sources */,
				AE3C23CE28E736B100A68693 /* DogsUITestsLaunchTests.swift in Sources */,
			);
			runOnlyForDeploymentPostprocessing = 0;
		};
/* End PBXSourcesBuildPhase section */

/* Begin PBXTargetDependency section */
		AE3C23BF28E736B100A68693 /* PBXTargetDependency */ = {
			isa = PBXTargetDependency;
			target = AE3C23AB28E736B000A68693 /* Dogs */;
			targetProxy = AE3C23BE28E736B100A68693 /* PBXContainerItemProxy */;
		};
		AE3C23C928E736B100A68693 /* PBXTargetDependency */ = {
			isa = PBXTargetDependency;
			target = AE3C23AB28E736B000A68693 /* Dogs */;
			targetProxy = AE3C23C828E736B100A68693 /* PBXContainerItemProxy */;
		};
/* End PBXTargetDependency section */

/* Begin XCBuildConfiguration section */
		AE3C23CF28E736B100A68693 /* Debug */ = {
			isa = XCBuildConfiguration;
			buildSettings = {
				ALWAYS_SEARCH_USER_PATHS = NO;
				CLANG_ANALYZER_NONNULL = YES;
				CLANG_ANALYZER_NUMBER_OBJECT_CONVERSION = YES_AGGRESSIVE;
				CLANG_CXX_LANGUAGE_STANDARD = "gnu++20";
				CLANG_ENABLE_MODULES = YES;
				CLANG_ENABLE_OBJC_ARC = YES;
				CLANG_ENABLE_OBJC_WEAK = YES;
				CLANG_WARN_BLOCK_CAPTURE_AUTORELEASING = YES;
				CLANG_WARN_BOOL_CONVERSION = YES;
				CLANG_WARN_COMMA = YES;
				CLANG_WARN_CONSTANT_CONVERSION = YES;
				CLANG_WARN_DEPRECATED_OBJC_IMPLEMENTATIONS = YES;
				CLANG_WARN_DIRECT_OBJC_ISA_USAGE = YES_ERROR;
				CLANG_WARN_DOCUMENTATION_COMMENTS = YES;
				CLANG_WARN_EMPTY_BODY = YES;
				CLANG_WARN_ENUM_CONVERSION = YES;
				CLANG_WARN_INFINITE_RECURSION = YES;
				CLANG_WARN_INT_CONVERSION = YES;
				CLANG_WARN_NON_LITERAL_NULL_CONVERSION = YES;
				CLANG_WARN_OBJC_IMPLICIT_RETAIN_SELF = YES;
				CLANG_WARN_OBJC_LITERAL_CONVERSION = YES;
				CLANG_WARN_OBJC_ROOT_CLASS = YES_ERROR;
				CLANG_WARN_QUOTED_INCLUDE_IN_FRAMEWORK_HEADER = YES;
				CLANG_WARN_RANGE_LOOP_ANALYSIS = YES;
				CLANG_WARN_STRICT_PROTOTYPES = YES;
				CLANG_WARN_SUSPICIOUS_MOVE = YES;
				CLANG_WARN_UNGUARDED_AVAILABILITY = YES_AGGRESSIVE;
				CLANG_WARN_UNREACHABLE_CODE = YES;
				CLANG_WARN__DUPLICATE_METHOD_MATCH = YES;
				COPY_PHASE_STRIP = NO;
				DEBUG_INFORMATION_FORMAT = dwarf;
				ENABLE_STRICT_OBJC_MSGSEND = YES;
				ENABLE_TESTABILITY = YES;
				GCC_C_LANGUAGE_STANDARD = gnu11;
				GCC_DYNAMIC_NO_PIC = NO;
				GCC_NO_COMMON_BLOCKS = YES;
				GCC_OPTIMIZATION_LEVEL = 0;
				GCC_PREPROCESSOR_DEFINITIONS = (
					"DEBUG=1",
					"$(inherited)",
				);
				GCC_WARN_64_TO_32_BIT_CONVERSION = YES;
				GCC_WARN_ABOUT_RETURN_TYPE = YES_ERROR;
				GCC_WARN_UNDECLARED_SELECTOR = YES;
				GCC_WARN_UNINITIALIZED_AUTOS = YES_AGGRESSIVE;
				GCC_WARN_UNUSED_FUNCTION = YES;
				GCC_WARN_UNUSED_VARIABLE = YES;
				MTL_ENABLE_DEBUG_INFO = INCLUDE_SOURCE;
				MTL_FAST_MATH = YES;
				ONLY_ACTIVE_ARCH = YES;
				SWIFT_ACTIVE_COMPILATION_CONDITIONS = DEBUG;
				SWIFT_OPTIMIZATION_LEVEL = "-Onone";
			};
			name = Debug;
		};
		AE3C23D028E736B100A68693 /* Release */ = {
			isa = XCBuildConfiguration;
			buildSettings = {
				ALWAYS_SEARCH_USER_PATHS = NO;
				CLANG_ANALYZER_NONNULL = YES;
				CLANG_ANALYZER_NUMBER_OBJECT_CONVERSION = YES_AGGRESSIVE;
				CLANG_CXX_LANGUAGE_STANDARD = "gnu++20";
				CLANG_ENABLE_MODULES = YES;
				CLANG_ENABLE_OBJC_ARC = YES;
				CLANG_ENABLE_OBJC_WEAK = YES;
				CLANG_WARN_BLOCK_CAPTURE_AUTORELEASING = YES;
				CLANG_WARN_BOOL_CONVERSION = YES;
				CLANG_WARN_COMMA = YES;
				CLANG_WARN_CONSTANT_CONVERSION = YES;
				CLANG_WARN_DEPRECATED_OBJC_IMPLEMENTATIONS = YES;
				CLANG_WARN_DIRECT_OBJC_ISA_USAGE = YES_ERROR;
				CLANG_WARN_DOCUMENTATION_COMMENTS = YES;
				CLANG_WARN_EMPTY_BODY = YES;
				CLANG_WARN_ENUM_CONVERSION = YES;
				CLANG_WARN_INFINITE_RECURSION = YES;
				CLANG_WARN_INT_CONVERSION = YES;
				CLANG_WARN_NON_LITERAL_NULL_CONVERSION = YES;
				CLANG_WARN_OBJC_IMPLICIT_RETAIN_SELF = YES;
				CLANG_WARN_OBJC_LITERAL_CONVERSION = YES;
				CLANG_WARN_OBJC_ROOT_CLASS = YES_ERROR;
				CLANG_WARN_QUOTED_INCLUDE_IN_FRAMEWORK_HEADER = YES;
				CLANG_WARN_RANGE_LOOP_ANALYSIS = YES;
				CLANG_WARN_STRICT_PROTOTYPES = YES;
				CLANG_WARN_SUSPICIOUS_MOVE = YES;
				CLANG_WARN_UNGUARDED_AVAILABILITY = YES_AGGRESSIVE;
				CLANG_WARN_UNREACHABLE_CODE = YES;
				CLANG_WARN__DUPLICATE_METHOD_MATCH = YES;
				COPY_PHASE_STRIP = NO;
				DEBUG_INFORMATION_FORMAT = "dwarf-with-dsym";
				ENABLE_NS_ASSERTIONS = NO;
				ENABLE_STRICT_OBJC_MSGSEND = YES;
				GCC_C_LANGUAGE_STANDARD = gnu11;
				GCC_NO_COMMON_BLOCKS = YES;
				GCC_WARN_64_TO_32_BIT_CONVERSION = YES;
				GCC_WARN_ABOUT_RETURN_TYPE = YES_ERROR;
				GCC_WARN_UNDECLARED_SELECTOR = YES;
				GCC_WARN_UNINITIALIZED_AUTOS = YES_AGGRESSIVE;
				GCC_WARN_UNUSED_FUNCTION = YES;
				GCC_WARN_UNUSED_VARIABLE = YES;
				MTL_ENABLE_DEBUG_INFO = NO;
				MTL_FAST_MATH = YES;
				SWIFT_COMPILATION_MODE = wholemodule;
				SWIFT_OPTIMIZATION_LEVEL = "-O";
			};
			name = Release;
		};
		AE3C23D228E736B100A68693 /* Debug */ = {
			isa = XCBuildConfiguration;
			buildSettings = {
				ASSETCATALOG_COMPILER_APPICON_NAME = AppIcon;
				ASSETCATALOG_COMPILER_GLOBAL_ACCENT_COLOR_NAME = AccentColor;
				CODE_SIGN_ENTITLEMENTS = Dogs/Dogs.entitlements;
				CODE_SIGN_STYLE = Automatic;
				CURRENT_PROJECT_VERSION = 1;
				DEVELOPMENT_ASSET_PATHS = "\"Dogs/Preview Content\"";
				DEVELOPMENT_TEAM = GU524Y437L;
				ENABLE_HARDENED_RUNTIME = YES;
				ENABLE_PREVIEWS = YES;
				GENERATE_INFOPLIST_FILE = YES;
				INFOPLIST_KEY_NSLocationWhenInUseUsageDescription = Diocnae;
				"INFOPLIST_KEY_UIApplicationSceneManifest_Generation[sdk=iphoneos*]" = YES;
				"INFOPLIST_KEY_UIApplicationSceneManifest_Generation[sdk=iphonesimulator*]" = YES;
				"INFOPLIST_KEY_UIApplicationSupportsIndirectInputEvents[sdk=iphoneos*]" = YES;
				"INFOPLIST_KEY_UIApplicationSupportsIndirectInputEvents[sdk=iphonesimulator*]" = YES;
				"INFOPLIST_KEY_UILaunchScreen_Generation[sdk=iphoneos*]" = YES;
				"INFOPLIST_KEY_UILaunchScreen_Generation[sdk=iphonesimulator*]" = YES;
				"INFOPLIST_KEY_UIStatusBarStyle[sdk=iphoneos*]" = UIStatusBarStyleDefault;
				"INFOPLIST_KEY_UIStatusBarStyle[sdk=iphonesimulator*]" = UIStatusBarStyleDefault;
				INFOPLIST_KEY_UISupportedInterfaceOrientations_iPad = "UIInterfaceOrientationPortrait UIInterfaceOrientationPortraitUpsideDown UIInterfaceOrientationLandscapeLeft UIInterfaceOrientationLandscapeRight";
				INFOPLIST_KEY_UISupportedInterfaceOrientations_iPhone = "UIInterfaceOrientationPortrait UIInterfaceOrientationLandscapeLeft UIInterfaceOrientationLandscapeRight";
				IPHONEOS_DEPLOYMENT_TARGET = 16.0;
				LD_RUNPATH_SEARCH_PATHS = "@executable_path/Frameworks";
				"LD_RUNPATH_SEARCH_PATHS[sdk=macosx*]" = "@executable_path/../Frameworks";
				MACOSX_DEPLOYMENT_TARGET = 12.3;
				MARKETING_VERSION = 1.0;
				PRODUCT_BUNDLE_IDENTIFIER = dev.damianopellegrini.Dogs;
				PRODUCT_NAME = "$(TARGET_NAME)";
				SDKROOT = auto;
				SUPPORTED_PLATFORMS = "iphoneos iphonesimulator macosx";
				SWIFT_EMIT_LOC_STRINGS = YES;
				SWIFT_VERSION = 5.0;
				TARGETED_DEVICE_FAMILY = "1,2";
			};
			name = Debug;
		};
		AE3C23D328E736B100A68693 /* Release */ = {
			isa = XCBuildConfiguration;
			buildSettings = {
				ASSETCATALOG_COMPILER_APPICON_NAME = AppIcon;
				ASSETCATALOG_COMPILER_GLOBAL_ACCENT_COLOR_NAME = AccentColor;
				CODE_SIGN_ENTITLEMENTS = Dogs/Dogs.entitlements;
				CODE_SIGN_STYLE = Automatic;
				CURRENT_PROJECT_VERSION = 1;
				DEVELOPMENT_ASSET_PATHS = "\"Dogs/Preview Content\"";
				DEVELOPMENT_TEAM = GU524Y437L;
				ENABLE_HARDENED_RUNTIME = YES;
				ENABLE_PREVIEWS = YES;
				GENERATE_INFOPLIST_FILE = YES;
				INFOPLIST_KEY_NSLocationWhenInUseUsageDescription = Diocnae;
				"INFOPLIST_KEY_UIApplicationSceneManifest_Generation[sdk=iphoneos*]" = YES;
				"INFOPLIST_KEY_UIApplicationSceneManifest_Generation[sdk=iphonesimulator*]" = YES;
				"INFOPLIST_KEY_UIApplicationSupportsIndirectInputEvents[sdk=iphoneos*]" = YES;
				"INFOPLIST_KEY_UIApplicationSupportsIndirectInputEvents[sdk=iphonesimulator*]" = YES;
				"INFOPLIST_KEY_UILaunchScreen_Generation[sdk=iphoneos*]" = YES;
				"INFOPLIST_KEY_UILaunchScreen_Generation[sdk=iphonesimulator*]" = YES;
				"INFOPLIST_KEY_UIStatusBarStyle[sdk=iphoneos*]" = UIStatusBarStyleDefault;
				"INFOPLIST_KEY_UIStatusBarStyle[sdk=iphonesimulator*]" = UIStatusBarStyleDefault;
				INFOPLIST_KEY_UISupportedInterfaceOrientations_iPad = "UIInterfaceOrientationPortrait UIInterfaceOrientationPortraitUpsideDown UIInterfaceOrientationLandscapeLeft UIInterfaceOrientationLandscapeRight";
				INFOPLIST_KEY_UISupportedInterfaceOrientations_iPhone = "UIInterfaceOrientationPortrait UIInterfaceOrientationLandscapeLeft UIInterfaceOrientationLandscapeRight";
				IPHONEOS_DEPLOYMENT_TARGET = 16.0;
				LD_RUNPATH_SEARCH_PATHS = "@executable_path/Frameworks";
				"LD_RUNPATH_SEARCH_PATHS[sdk=macosx*]" = "@executable_path/../Frameworks";
				MACOSX_DEPLOYMENT_TARGET = 12.3;
				MARKETING_VERSION = 1.0;
				PRODUCT_BUNDLE_IDENTIFIER = dev.damianopellegrini.Dogs;
				PRODUCT_NAME = "$(TARGET_NAME)";
				SDKROOT = auto;
				SUPPORTED_PLATFORMS = "iphoneos iphonesimulator macosx";
				SWIFT_EMIT_LOC_STRINGS = YES;
				SWIFT_VERSION = 5.0;
				TARGETED_DEVICE_FAMILY = "1,2";
			};
			name = Release;
		};
		AE3C23D528E736B100A68693 /* Debug */ = {
			isa = XCBuildConfiguration;
			buildSettings = {
				ALWAYS_EMBED_SWIFT_STANDARD_LIBRARIES = YES;
				BUNDLE_LOADER = "$(TEST_HOST)";
				CODE_SIGN_STYLE = Automatic;
				CURRENT_PROJECT_VERSION = 1;
				DEVELOPMENT_TEAM = GU524Y437L;
				GENERATE_INFOPLIST_FILE = YES;
				IPHONEOS_DEPLOYMENT_TARGET = 16.0;
				MACOSX_DEPLOYMENT_TARGET = 12.3;
				MARKETING_VERSION = 1.0;
				PRODUCT_BUNDLE_IDENTIFIER = dev.damianopellegrini.DogsTests;
				PRODUCT_NAME = "$(TARGET_NAME)";
				SDKROOT = auto;
				SUPPORTED_PLATFORMS = "iphoneos iphonesimulator macosx";
				SWIFT_EMIT_LOC_STRINGS = NO;
				SWIFT_VERSION = 5.0;
				TARGETED_DEVICE_FAMILY = "1,2";
				TEST_HOST = "$(BUILT_PRODUCTS_DIR)/Dogs.app/$(BUNDLE_EXECUTABLE_FOLDER_PATH)/Dogs";
			};
			name = Debug;
		};
		AE3C23D628E736B100A68693 /* Release */ = {
			isa = XCBuildConfiguration;
			buildSettings = {
				ALWAYS_EMBED_SWIFT_STANDARD_LIBRARIES = YES;
				BUNDLE_LOADER = "$(TEST_HOST)";
				CODE_SIGN_STYLE = Automatic;
				CURRENT_PROJECT_VERSION = 1;
				DEVELOPMENT_TEAM = GU524Y437L;
				GENERATE_INFOPLIST_FILE = YES;
				IPHONEOS_DEPLOYMENT_TARGET = 16.0;
				MACOSX_DEPLOYMENT_TARGET = 12.3;
				MARKETING_VERSION = 1.0;
				PRODUCT_BUNDLE_IDENTIFIER = dev.damianopellegrini.DogsTests;
				PRODUCT_NAME = "$(TARGET_NAME)";
				SDKROOT = auto;
				SUPPORTED_PLATFORMS = "iphoneos iphonesimulator macosx";
				SWIFT_EMIT_LOC_STRINGS = NO;
				SWIFT_VERSION = 5.0;
				TARGETED_DEVICE_FAMILY = "1,2";
				TEST_HOST = "$(BUILT_PRODUCTS_DIR)/Dogs.app/$(BUNDLE_EXECUTABLE_FOLDER_PATH)/Dogs";
			};
			name = Release;
		};
		AE3C23D828E736B100A68693 /* Debug */ = {
			isa = XCBuildConfiguration;
			buildSettings = {
				ALWAYS_EMBED_SWIFT_STANDARD_LIBRARIES = YES;
				CODE_SIGN_STYLE = Automatic;
				CURRENT_PROJECT_VERSION = 1;
				DEVELOPMENT_TEAM = GU524Y437L;
				GENERATE_INFOPLIST_FILE = YES;
				IPHONEOS_DEPLOYMENT_TARGET = 16.0;
				MACOSX_DEPLOYMENT_TARGET = 12.3;
				MARKETING_VERSION = 1.0;
				PRODUCT_BUNDLE_IDENTIFIER = dev.damianopellegrini.DogsUITests;
				PRODUCT_NAME = "$(TARGET_NAME)";
				SDKROOT = auto;
				SUPPORTED_PLATFORMS = "iphoneos iphonesimulator macosx";
				SWIFT_EMIT_LOC_STRINGS = NO;
				SWIFT_VERSION = 5.0;
				TARGETED_DEVICE_FAMILY = "1,2";
				TEST_TARGET_NAME = Dogs;
			};
			name = Debug;
		};
		AE3C23D928E736B100A68693 /* Release */ = {
			isa = XCBuildConfiguration;
			buildSettings = {
				ALWAYS_EMBED_SWIFT_STANDARD_LIBRARIES = YES;
				CODE_SIGN_STYLE = Automatic;
				CURRENT_PROJECT_VERSION = 1;
				DEVELOPMENT_TEAM = GU524Y437L;
				GENERATE_INFOPLIST_FILE = YES;
				IPHONEOS_DEPLOYMENT_TARGET = 16.0;
				MACOSX_DEPLOYMENT_TARGET = 12.3;
				MARKETING_VERSION = 1.0;
				PRODUCT_BUNDLE_IDENTIFIER = dev.damianopellegrini.DogsUITests;
				PRODUCT_NAME = "$(TARGET_NAME)";
				SDKROOT = auto;
				SUPPORTED_PLATFORMS = "iphoneos iphonesimulator macosx";
				SWIFT_EMIT_LOC_STRINGS = NO;
				SWIFT_VERSION = 5.0;
				TARGETED_DEVICE_FAMILY = "1,2";
				TEST_TARGET_NAME = Dogs;
			};
			name = Release;
		};
/* End XCBuildConfiguration section */

/* Begin XCConfigurationList section */
		AE3C23A728E736B000A68693 /* Build configuration list for PBXProject "Dogs" */ = {
			isa = XCConfigurationList;
			buildConfigurations = (
				AE3C23CF28E736B100A68693 /* Debug */,
				AE3C23D028E736B100A68693 /* Release */,
			);
			defaultConfigurationIsVisible = 0;
			defaultConfigurationName = Release;
		};
		AE3C23D128E736B100A68693 /* Build configuration list for PBXNativeTarget "Dogs" */ = {
			isa = XCConfigurationList;
			buildConfigurations = (
				AE3C23D228E736B100A68693 /* Debug */,
				AE3C23D328E736B100A68693 /* Release */,
			);
			defaultConfigurationIsVisible = 0;
			defaultConfigurationName = Release;
		};
		AE3C23D428E736B100A68693 /* Build configuration list for PBXNativeTarget "DogsTests" */ = {
			isa = XCConfigurationList;
			buildConfigurations = (
				AE3C23D528E736B100A68693 /* Debug */,
				AE3C23D628E736B100A68693 /* Release */,
			);
			defaultConfigurationIsVisible = 0;
			defaultConfigurationName = Release;
		};
		AE3C23D728E736B100A68693 /* Build configuration list for PBXNativeTarget "DogsUITests" */ = {
			isa = XCConfigurationList;
			buildConfigurations = (
				AE3C23D828E736B100A68693 /* Debug */,
				AE3C23D928E736B100A68693 /* Release */,
			);
			defaultConfigurationIsVisible = 0;
			defaultConfigurationName = Release;
		};
/* End XCConfigurationList section */

/* Begin XCRemoteSwiftPackageReference section */
		AE4FF6D828E9E45300704B7F /* XCRemoteSwiftPackageReference "swift-collections" */ = {
			isa = XCRemoteSwiftPackageReference;
			repositoryURL = "https://github.com/apple/swift-collections.git";
			requirement = {
				kind = upToNextMajorVersion;
				minimumVersion = 1.0.0;
			};
		};
/* End XCRemoteSwiftPackageReference section */

/* Begin XCSwiftPackageProductDependency section */
		AE4FF6D928E9E45300704B7F /* Collections */ = {
			isa = XCSwiftPackageProductDependency;
			package = AE4FF6D828E9E45300704B7F /* XCRemoteSwiftPackageReference "swift-collections" */;
			productName = Collections;
		};
		AE4FF6DB28E9E45300704B7F /* DequeModule */ = {
			isa = XCSwiftPackageProductDependency;
			package = AE4FF6D828E9E45300704B7F /* XCRemoteSwiftPackageReference "swift-collections" */;
			productName = DequeModule;
		};
		AE4FF6DD28E9E45300704B7F /* OrderedCollections */ = {
			isa = XCSwiftPackageProductDependency;
			package = AE4FF6D828E9E45300704B7F /* XCRemoteSwiftPackageReference "swift-collections" */;
			productName = OrderedCollections;
		};
/* End XCSwiftPackageProductDependency section */
	};
	rootObject = AE3C23A428E736B000A68693 /* Project object */;
}
